
Microsoft Visual Studio Solution File, Format Version 12.00
# Visual Studio Version 16
VisualStudioVersion = 16.0.30503.244
MinimumVisualStudioVersion = 10.0.40219.1
Project("{FAE04EC0-301F-11D3-BF4B-00C04F79EFBC}") = "TiktokDownloader", "TiktokDownloader.csproj", "{DDAF082A-EE74-4FAF-88BC-95679FA625C1}"
EndProject
Global
	GlobalSection(SolutionConfigurationPlatforms) = preSolution
		Debug|Any CPU = Debug|Any CPU
		Release|Any CPU = Release|Any CPU
	EndGlobalSection
	GlobalSection(ProjectConfigurationPlatforms) = postSolution
		{DDAF082A-EE74-4FAF-88BC-95679FA625C1}.Debug|Any CPU.ActiveCfg = Debug|Any CPU
		{DDAF082A-EE74-4FAF-88BC-95679FA625C1}.Debug|Any CPU.Build.0 = Debug|Any CPU
		{DDAF082A-EE74-4FAF-88BC-95679FA625C1}.Release|Any CPU.ActiveCfg = Release|Any CPU
		{DDAF082A-EE74-4FAF-88BC-95679FA625C1}.Release|Any CPU.Build.0 = Release|Any CPU
	EndGlobalSection
	GlobalSection(SolutionProperties) = preSolution
		HideSolutionNode = FALSE
	EndGlobalSection
	GlobalSection(ExtensibilityGlobals) = postSolution
		SolutionGuid = {69A83DE3-B612-4E1D-AC16-BC96BC7EF8E9}
	EndGlobalSection
EndGlobal
